
Microsoft Visual Studio Solution File, Format Version 12.00
# Visual Studio Version 17
VisualStudioVersion = 17.5.33530.505
MinimumVisualStudioVersion = 10.0.40219.1
Project("{2150E333-8FDC-42A3-9474-1A3956D46DE8}") = "src", "src", "{7CC2847F-DA56-42D1-9FF3-BC76322B8CE9}"
EndProject
Project("{2150E333-8FDC-42A3-9474-1A3956D46DE8}") = "Services", "Services", "{3011ED3A-85A8-48B4-9988-C9408F73F309}"
EndProject
Project("{2150E333-8FDC-42A3-9474-1A3956D46DE8}") = "Bff", "Bff", "{5DDD747E-5FD0-43D6-AE92-9B4723DF5A28}"
EndProject
Project("{2150E333-8FDC-42A3-9474-1A3956D46DE8}") = "Client", "Client", "{40BF22B7-A28A-4049-B9AA-5781134C034B}"
EndProject
Project("{2150E333-8FDC-42A3-9474-1A3956D46DE8}") = "Catalog", "Catalog", "{2A41852A-FD19-4FB0-B0D6-CA721599D817}"
EndProject
Project("{FAE04EC0-301F-11D3-BF4B-00C04F79EFBC}") = "Catalog.Api", "src\Services\Catalog\Catalog.Api\Catalog.Api.csproj", "{F2DCE466-25C8-4B84-8286-0BEE4DD32E5B}"
EndProject
Project("{FAE04EC0-301F-11D3-BF4B-00C04F79EFBC}") = "Catalog.Domain", "src\Services\Catalog\Catalog.Domain\Catalog.Domain.csproj", "{6594964E-9E81-45D3-929F-5210E97D3263}"
EndProject
Project("{FAE04EC0-301F-11D3-BF4B-00C04F79EFBC}") = "Catalog.Application", "src\Services\Catalog\Catalog.Application\Catalog.Application.csproj", "{C91FDAA1-F6BF-4967-AB16-B21DCFE6B581}"
EndProject
Project("{2150E333-8FDC-42A3-9474-1A3956D46DE8}") = "Basket", "Basket", "{F2197348-5916-4978-8294-3C92A6498041}"
EndProject
Project("{FAE04EC0-301F-11D3-BF4B-00C04F79EFBC}") = "Basket.Api", "src\Services\Basket\Basket.Api\Basket.Api.csproj", "{39AF4520-A62D-4682-A914-5F9E7750A150}"
EndProject
Project("{FAE04EC0-301F-11D3-BF4B-00C04F79EFBC}") = "Basket.Domain", "src\Services\Basket\Basket.Domain\Basket.Domain.csproj", "{5B68C860-9057-4C88-9B38-8D9BA1523568}"
EndProject
Project("{FAE04EC0-301F-11D3-BF4B-00C04F79EFBC}") = "Basket.Application", "src\Services\Basket\Basket.Application\Basket.Application.csproj", "{E3BC9B76-6CF5-4A06-9149-E61161DA30BD}"
EndProject
Global
	GlobalSection(SolutionConfigurationPlatforms) = preSolution
		Debug|Any CPU = Debug|Any CPU
		Release|Any CPU = Release|Any CPU
	EndGlobalSection
	GlobalSection(ProjectConfigurationPlatforms) = postSolution
		{F2DCE466-25C8-4B84-8286-0BEE4DD32E5B}.Debug|Any CPU.ActiveCfg = Debug|Any CPU
		{F2DCE466-25C8-4B84-8286-0BEE4DD32E5B}.Debug|Any CPU.Build.0 = Debug|Any CPU
		{F2DCE466-25C8-4B84-8286-0BEE4DD32E5B}.Release|Any CPU.ActiveCfg = Release|Any CPU
		{F2DCE466-25C8-4B84-8286-0BEE4DD32E5B}.Release|Any CPU.Build.0 = Release|Any CPU
		{6594964E-9E81-45D3-929F-5210E97D3263}.Debug|Any CPU.ActiveCfg = Debug|Any CPU
		{6594964E-9E81-45D3-929F-5210E97D3263}.Debug|Any CPU.Build.0 = Debug|Any CPU
		{6594964E-9E81-45D3-929F-5210E97D3263}.Release|Any CPU.ActiveCfg = Release|Any CPU
		{6594964E-9E81-45D3-929F-5210E97D3263}.Release|Any CPU.Build.0 = Release|Any CPU
		{C91FDAA1-F6BF-4967-AB16-B21DCFE6B581}.Debug|Any CPU.ActiveCfg = Debug|Any CPU
		{C91FDAA1-F6BF-4967-AB16-B21DCFE6B581}.Debug|Any CPU.Build.0 = Debug|Any CPU
		{C91FDAA1-F6BF-4967-AB16-B21DCFE6B581}.Release|Any CPU.ActiveCfg = Release|Any CPU
		{C91FDAA1-F6BF-4967-AB16-B21DCFE6B581}.Release|Any CPU.Build.0 = Release|Any CPU
		{39AF4520-A62D-4682-A914-5F9E7750A150}.Debug|Any CPU.ActiveCfg = Debug|Any CPU
		{39AF4520-A62D-4682-A914-5F9E7750A150}.Debug|Any CPU.Build.0 = Debug|Any CPU
		{39AF4520-A62D-4682-A914-5F9E7750A150}.Release|Any CPU.ActiveCfg = Release|Any CPU
		{39AF4520-A62D-4682-A914-5F9E7750A150}.Release|Any CPU.Build.0 = Release|Any CPU
		{5B68C860-9057-4C88-9B38-8D9BA1523568}.Debug|Any CPU.ActiveCfg = Debug|Any CPU
		{5B68C860-9057-4C88-9B38-8D9BA1523568}.Debug|Any CPU.Build.0 = Debug|Any CPU
		{5B68C860-9057-4C88-9B38-8D9BA1523568}.Release|Any CPU.ActiveCfg = Release|Any CPU
		{5B68C860-9057-4C88-9B38-8D9BA1523568}.Release|Any CPU.Build.0 = Release|Any CPU
		{E3BC9B76-6CF5-4A06-9149-E61161DA30BD}.Debug|Any CPU.ActiveCfg = Debug|Any CPU
		{E3BC9B76-6CF5-4A06-9149-E61161DA30BD}.Debug|Any CPU.Build.0 = Debug|Any CPU
		{E3BC9B76-6CF5-4A06-9149-E61161DA30BD}.Release|Any CPU.ActiveCfg = Release|Any CPU
		{E3BC9B76-6CF5-4A06-9149-E61161DA30BD}.Release|Any CPU.Build.0 = Release|Any CPU
	EndGlobalSection
	GlobalSection(SolutionProperties) = preSolution
		HideSolutionNode = FALSE
	EndGlobalSection
	GlobalSection(NestedProjects) = preSolution
		{3011ED3A-85A8-48B4-9988-C9408F73F309} = {7CC2847F-DA56-42D1-9FF3-BC76322B8CE9}
		{5DDD747E-5FD0-43D6-AE92-9B4723DF5A28} = {7CC2847F-DA56-42D1-9FF3-BC76322B8CE9}
		{40BF22B7-A28A-4049-B9AA-5781134C034B} = {7CC2847F-DA56-42D1-9FF3-BC76322B8CE9}
		{2A41852A-FD19-4FB0-B0D6-CA721599D817} = {3011ED3A-85A8-48B4-9988-C9408F73F309}
		{F2DCE466-25C8-4B84-8286-0BEE4DD32E5B} = {2A41852A-FD19-4FB0-B0D6-CA721599D817}
		{6594964E-9E81-45D3-929F-5210E97D3263} = {2A41852A-FD19-4FB0-B0D6-CA721599D817}
		{C91FDAA1-F6BF-4967-AB16-B21DCFE6B581} = {2A41852A-FD19-4FB0-B0D6-CA721599D817}
		{F2197348-5916-4978-8294-3C92A6498041} = {3011ED3A-85A8-48B4-9988-C9408F73F309}
		{39AF4520-A62D-4682-A914-5F9E7750A150} = {F2197348-5916-4978-8294-3C92A6498041}
		{5B68C860-9057-4C88-9B38-8D9BA1523568} = {F2197348-5916-4978-8294-3C92A6498041}
		{E3BC9B76-6CF5-4A06-9149-E61161DA30BD} = {F2197348-5916-4978-8294-3C92A6498041}
	EndGlobalSection
	GlobalSection(ExtensibilityGlobals) = postSolution
		SolutionGuid = {AE6B9BFC-88FE-4908-80D4-C0C7B647B83A}
	EndGlobalSection
EndGlobal
